
Microsoft Visual Studio Solution File, Format Version 12.00
# Visual Studio Version 16
VisualStudioVersion = 16.0.31515.178
MinimumVisualStudioVersion = 10.0.40219.1
Project("{FAE04EC0-301F-11D3-BF4B-00C04F79EFBC}") = "ServerSubnautica", "ServerSubnautica\ServerSubnautica.csproj", "{59410A07-A4E3-4207-A2DA-181B0844D055}"
EndProject
Global
	GlobalSection(SolutionConfigurationPlatforms) = preSolution
		Debug|Any CPU = Debug|Any CPU
		Release|Any CPU = Release|Any CPU
	EndGlobalSection
	GlobalSection(ProjectConfigurationPlatforms) = postSolution
		{59410A07-A4E3-4207-A2DA-181B0844D055}.Debug|Any CPU.ActiveCfg = Debug|Any CPU
		{59410A07-A4E3-4207-A2DA-181B0844D055}.Debug|Any CPU.Build.0 = Debug|Any CPU
		{59410A07-A4E3-4207-A2DA-181B0844D055}.Release|Any CPU.ActiveCfg = Release|Any CPU
		{59410A07-A4E3-4207-A2DA-181B0844D055}.Release|Any CPU.Build.0 = Release|Any CPU
	EndGlobalSection
	GlobalSection(SolutionProperties) = preSolution
		HideSolutionNode = FALSE
	EndGlobalSection
	GlobalSection(ExtensibilityGlobals) = postSolution
		SolutionGuid = {39E8CFB6-16FF-4CE0-8DD6-7FA8F34A37A0}
	EndGlobalSection
EndGlobal
